
Microsoft Visual Studio Solution File, Format Version 12.00
# Visual Studio Version 17
VisualStudioVersion = 17.0.31903.59
MinimumVisualStudioVersion = 10.0.40219.1
Project("{FAE04EC0-301F-11D3-BF4B-00C04F79EFBC}") = "ecomerce.api", "ecomerce.api\ecomerce.api.csproj", "{28540FF4-038B-49CA-8146-26A1EE8FDD0B}"
EndProject
Project("{FAE04EC0-301F-11D3-BF4B-00C04F79EFBC}") = "ecomerce.shared", "ecomerce.shared\ecomerce.shared.csproj", "{414AD1B9-5D3B-4207-8312-11B1060AD75E}"
EndProject
Project("{FAE04EC0-301F-11D3-BF4B-00C04F79EFBC}") = "ecomerce.frontend", "ecomerce.frontend\ecomerce.frontend.csproj", "{1E997FE4-4D4C-4A5D-B5DB-8E54033FCEBC}"
EndProject
Global
	GlobalSection(SolutionConfigurationPlatforms) = preSolution
		Debug|Any CPU = Debug|Any CPU
		Debug|x64 = Debug|x64
		Debug|x86 = Debug|x86
		Release|Any CPU = Release|Any CPU
		Release|x64 = Release|x64
		Release|x86 = Release|x86
	EndGlobalSection
	GlobalSection(ProjectConfigurationPlatforms) = postSolution
		{28540FF4-038B-49CA-8146-26A1EE8FDD0B}.Debug|Any CPU.ActiveCfg = Debug|Any CPU
		{28540FF4-038B-49CA-8146-26A1EE8FDD0B}.Debug|Any CPU.Build.0 = Debug|Any CPU
		{28540FF4-038B-49CA-8146-26A1EE8FDD0B}.Debug|x64.ActiveCfg = Debug|Any CPU
		{28540FF4-038B-49CA-8146-26A1EE8FDD0B}.Debug|x64.Build.0 = Debug|Any CPU
		{28540FF4-038B-49CA-8146-26A1EE8FDD0B}.Debug|x86.ActiveCfg = Debug|Any CPU
		{28540FF4-038B-49CA-8146-26A1EE8FDD0B}.Debug|x86.Build.0 = Debug|Any CPU
		{28540FF4-038B-49CA-8146-26A1EE8FDD0B}.Release|Any CPU.ActiveCfg = Release|Any CPU
		{28540FF4-038B-49CA-8146-26A1EE8FDD0B}.Release|Any CPU.Build.0 = Release|Any CPU
		{28540FF4-038B-49CA-8146-26A1EE8FDD0B}.Release|x64.ActiveCfg = Release|Any CPU
		{28540FF4-038B-49CA-8146-26A1EE8FDD0B}.Release|x64.Build.0 = Release|Any CPU
		{28540FF4-038B-49CA-8146-26A1EE8FDD0B}.Release|x86.ActiveCfg = Release|Any CPU
		{28540FF4-038B-49CA-8146-26A1EE8FDD0B}.Release|x86.Build.0 = Release|Any CPU
		{414AD1B9-5D3B-4207-8312-11B1060AD75E}.Debug|Any CPU.ActiveCfg = Debug|Any CPU
		{414AD1B9-5D3B-4207-8312-11B1060AD75E}.Debug|Any CPU.Build.0 = Debug|Any CPU
		{414AD1B9-5D3B-4207-8312-11B1060AD75E}.Debug|x64.ActiveCfg = Debug|Any CPU
		{414AD1B9-5D3B-4207-8312-11B1060AD75E}.Debug|x64.Build.0 = Debug|Any CPU
		{414AD1B9-5D3B-4207-8312-11B1060AD75E}.Debug|x86.ActiveCfg = Debug|Any CPU
		{414AD1B9-5D3B-4207-8312-11B1060AD75E}.Debug|x86.Build.0 = Debug|Any CPU
		{414AD1B9-5D3B-4207-8312-11B1060AD75E}.Release|Any CPU.ActiveCfg = Release|Any CPU
		{414AD1B9-5D3B-4207-8312-11B1060AD75E}.Release|Any CPU.Build.0 = Release|Any CPU
		{414AD1B9-5D3B-4207-8312-11B1060AD75E}.Release|x64.ActiveCfg = Release|Any CPU
		{414AD1B9-5D3B-4207-8312-11B1060AD75E}.Release|x64.Build.0 = Release|Any CPU
		{414AD1B9-5D3B-4207-8312-11B1060AD75E}.Release|x86.ActiveCfg = Release|Any CPU
		{414AD1B9-5D3B-4207-8312-11B1060AD75E}.Release|x86.Build.0 = Release|Any CPU
		{1E997FE4-4D4C-4A5D-B5DB-8E54033FCEBC}.Debug|Any CPU.ActiveCfg = Debug|Any CPU
		{1E997FE4-4D4C-4A5D-B5DB-8E54033FCEBC}.Debug|Any CPU.Build.0 = Debug|Any CPU
		{1E997FE4-4D4C-4A5D-B5DB-8E54033FCEBC}.Debug|x64.ActiveCfg = Debug|Any CPU
		{1E997FE4-4D4C-4A5D-B5DB-8E54033FCEBC}.Debug|x64.Build.0 = Debug|Any CPU
		{1E997FE4-4D4C-4A5D-B5DB-8E54033FCEBC}.Debug|x86.ActiveCfg = Debug|Any CPU
		{1E997FE4-4D4C-4A5D-B5DB-8E54033FCEBC}.Debug|x86.Build.0 = Debug|Any CPU
		{1E997FE4-4D4C-4A5D-B5DB-8E54033FCEBC}.Release|Any CPU.ActiveCfg = Release|Any CPU
		{1E997FE4-4D4C-4A5D-B5DB-8E54033FCEBC}.Release|Any CPU.Build.0 = Release|Any CPU
		{1E997FE4-4D4C-4A5D-B5DB-8E54033FCEBC}.Release|x64.ActiveCfg = Release|Any CPU
		{1E997FE4-4D4C-4A5D-B5DB-8E54033FCEBC}.Release|x64.Build.0 = Release|Any CPU
		{1E997FE4-4D4C-4A5D-B5DB-8E54033FCEBC}.Release|x86.ActiveCfg = Release|Any CPU
		{1E997FE4-4D4C-4A5D-B5DB-8E54033FCEBC}.Release|x86.Build.0 = Release|Any CPU
	EndGlobalSection
	GlobalSection(SolutionProperties) = preSolution
		HideSolutionNode = FALSE
	EndGlobalSection
EndGlobal
